
Microsoft Visual Studio Solution File, Format Version 12.00
# Visual Studio 15
VisualStudioVersion = 15.0.27428.2011
MinimumVisualStudioVersion = 10.0.40219.1
Project("{8BC9CEB8-8B4A-11D0-8D11-00A0C91BC942}") = "C_MFC_Sample", "C_MFC_Sample\C_MFC_Sample.vcxproj", "{F4A55D3F-A991-46B9-945B-0CD80CF1E1FA}"
EndProject
Project("{FAE04EC0-301F-11D3-BF4B-00C04F79EFBC}") = "C_WINFORM_Sample", "C_WINFORM_Sample\C_WINFORM_Sample.csproj", "{9A5E1E5B-AAB2-4CD8-BD79-4EA3A20B83B5}"
EndProject
Global
	GlobalSection(SolutionConfigurationPlatforms) = preSolution
		Debug|Any CPU = Debug|Any CPU
		Debug|Win32 = Debug|Win32
		Debug|x64 = Debug|x64
		Release|Any CPU = Release|Any CPU
		Release|Win32 = Release|Win32
		Release|x64 = Release|x64
	EndGlobalSection
	GlobalSection(ProjectConfigurationPlatforms) = postSolution
		{F4A55D3F-A991-46B9-945B-0CD80CF1E1FA}.Debug|Any CPU.ActiveCfg = Debug|Win32
		{F4A55D3F-A991-46B9-945B-0CD80CF1E1FA}.Debug|Win32.ActiveCfg = Debug|Win32
		{F4A55D3F-A991-46B9-945B-0CD80CF1E1FA}.Debug|Win32.Build.0 = Debug|Win32
		{F4A55D3F-A991-46B9-945B-0CD80CF1E1FA}.Debug|x64.ActiveCfg = Debug|x64
		{F4A55D3F-A991-46B9-945B-0CD80CF1E1FA}.Debug|x64.Build.0 = Debug|x64
		{F4A55D3F-A991-46B9-945B-0CD80CF1E1FA}.Release|Any CPU.ActiveCfg = Release|Win32
		{F4A55D3F-A991-46B9-945B-0CD80CF1E1FA}.Release|Win32.ActiveCfg = Release|Win32
		{F4A55D3F-A991-46B9-945B-0CD80CF1E1FA}.Release|Win32.Build.0 = Release|Win32
		{F4A55D3F-A991-46B9-945B-0CD80CF1E1FA}.Release|x64.ActiveCfg = Release|x64
		{F4A55D3F-A991-46B9-945B-0CD80CF1E1FA}.Release|x64.Build.0 = Release|x64
		{9A5E1E5B-AAB2-4CD8-BD79-4EA3A20B83B5}.Debug|Any CPU.ActiveCfg = Debug|Any CPU
		{9A5E1E5B-AAB2-4CD8-BD79-4EA3A20B83B5}.Debug|Any CPU.Build.0 = Debug|Any CPU
		{9A5E1E5B-AAB2-4CD8-BD79-4EA3A20B83B5}.Debug|Win32.ActiveCfg = Debug|Any CPU
		{9A5E1E5B-AAB2-4CD8-BD79-4EA3A20B83B5}.Debug|Win32.Build.0 = Debug|Any CPU
		{9A5E1E5B-AAB2-4CD8-BD79-4EA3A20B83B5}.Debug|x64.ActiveCfg = Debug|x64
		{9A5E1E5B-AAB2-4CD8-BD79-4EA3A20B83B5}.Debug|x64.Build.0 = Debug|x64
		{9A5E1E5B-AAB2-4CD8-BD79-4EA3A20B83B5}.Release|Any CPU.ActiveCfg = Release|Any CPU
		{9A5E1E5B-AAB2-4CD8-BD79-4EA3A20B83B5}.Release|Any CPU.Build.0 = Release|Any CPU
		{9A5E1E5B-AAB2-4CD8-BD79-4EA3A20B83B5}.Release|Win32.ActiveCfg = Release|Any CPU
		{9A5E1E5B-AAB2-4CD8-BD79-4EA3A20B83B5}.Release|Win32.Build.0 = Release|Any CPU
		{9A5E1E5B-AAB2-4CD8-BD79-4EA3A20B83B5}.Release|x64.ActiveCfg = Release|x64
		{9A5E1E5B-AAB2-4CD8-BD79-4EA3A20B83B5}.Release|x64.Build.0 = Release|x64
	EndGlobalSection
	GlobalSection(SolutionProperties) = preSolution
		HideSolutionNode = FALSE
	EndGlobalSection
	GlobalSection(ExtensibilityGlobals) = postSolution
		SolutionGuid = {7551AC22-AA42-4D55-9B00-87B5252347AF}
	EndGlobalSection
EndGlobal
